
Microsoft Visual Studio Solution File, Format Version 12.00
# Visual Studio Version 16
VisualStudioVersion = 16.0.31129.286
MinimumVisualStudioVersion = 10.0.40219.1
Project("{FAE04EC0-301F-11D3-BF4B-00C04F79EFBC}") = "ApiChallenge", "ApiChallenge\ApiChallenge.csproj", "{7F056BAD-BB55-4B8B-96F3-58BBBC424798}"
EndProject
Global
	GlobalSection(SolutionConfigurationPlatforms) = preSolution
		Debug|Any CPU = Debug|Any CPU
		Release|Any CPU = Release|Any CPU
	EndGlobalSection
	GlobalSection(ProjectConfigurationPlatforms) = postSolution
		{7F056BAD-BB55-4B8B-96F3-58BBBC424798}.Debug|Any CPU.ActiveCfg = Debug|Any CPU
		{7F056BAD-BB55-4B8B-96F3-58BBBC424798}.Debug|Any CPU.Build.0 = Debug|Any CPU
		{7F056BAD-BB55-4B8B-96F3-58BBBC424798}.Release|Any CPU.ActiveCfg = Release|Any CPU
		{7F056BAD-BB55-4B8B-96F3-58BBBC424798}.Release|Any CPU.Build.0 = Release|Any CPU
	EndGlobalSection
	GlobalSection(SolutionProperties) = preSolution
		HideSolutionNode = FALSE
	EndGlobalSection
	GlobalSection(ExtensibilityGlobals) = postSolution
		SolutionGuid = {2946C982-5783-4674-B58D-904276BFF492}
	EndGlobalSection
EndGlobal
